<?xml version="1.0" encoding="utf-8"?>
<Project ToolsVersion="4.0" xmlns="http://schemas.microsoft.com/developer/msbuild/2003">
  <ItemGroup>
    <Filter Include="소스 파일">
      <UniqueIdentifier>{4FC737F1-C7A5-4376-A066-2A32D752A2FF}</UniqueIdentifier>
      <Extensions>cpp;c;cc;cxx;c++;cppm;ixx;def;odl;idl;hpj;bat;asm;asmx</Extensions>
    </Filter>
    <Filter Include="헤더 파일">
      <UniqueIdentifier>{93995380-89BD-4b04-88EB-625FBE52EBFB}</UniqueIdentifier>
      <Extensions>h;hh;hpp;hxx;h++;hm;inl;inc;ipp;xsd</Extensions>
    </Filter>
    <Filter Include="리소스 파일">
      <UniqueIdentifier>{67DA6AB6-F800-4c08-8B7A-83BB121AAD01}</UniqueIdentifier>
      <Extensions>rc;ico;cur;bmp;dlg;rc2;rct;bin;rgs;gif;jpg;jpeg;jpe;resx;tiff;tif;png;wav;mfcribbon-ms</Extensions>
    </Filter>
  </ItemGroup>
  <ItemGroup>
    <ClCompile Include="1012(유기농 배추).cpp">
      <Filter>소스 파일</Filter>
    </ClCompile>
    <ClCompile Include="1074.cpp">
      <Filter>소스 파일</Filter>
    </ClCompile>
    <ClCompile Include="1152번(단어의 수).cpp">
      <Filter>소스 파일</Filter>
    </ClCompile>
    <ClCompile Include="1157번(최대 등장 알파벳 출력).cpp">
      <Filter>소스 파일</Filter>
    </ClCompile>
    <ClCompile Include="1292(쉽게 푸는 문제).cpp">
      <Filter>소스 파일</Filter>
    </ClCompile>
    <ClCompile Include="1408(24).cpp">
      <Filter>소스 파일</Filter>
    </ClCompile>
    <ClCompile Include="1463(1로 만들기).cpp">
      <Filter>소스 파일</Filter>
    </ClCompile>
    <ClCompile Include="1676(팩토리얼 0의 개수).cpp">
      <Filter>소스 파일</Filter>
    </ClCompile>
    <ClCompile Include="1697(숨바꼭질).cpp">
      <Filter>소스 파일</Filter>
    </ClCompile>
    <ClCompile Include="1789(수들의 합).cpp">
      <Filter>소스 파일</Filter>
    </ClCompile>
    <ClCompile Include="1920(수 찾기).cpp">
      <Filter>소스 파일</Filter>
    </ClCompile>
    <ClCompile Include="1931(회의실 배정).cpp">
      <Filter>소스 파일</Filter>
    </ClCompile>
    <ClCompile Include="1934(최소공배수).cpp">
      <Filter>소스 파일</Filter>
    </ClCompile>
    <ClCompile Include="1966(프린터 큐).cpp">
      <Filter>소스 파일</Filter>
    </ClCompile>
    <ClCompile Include="1978(소수 찾기).cpp">
      <Filter>소스 파일</Filter>
    </ClCompile>
    <ClCompile Include="2010(플러그).cpp">
      <Filter>소스 파일</Filter>
    </ClCompile>
    <ClCompile Include="2164(카드2).cpp">
      <Filter>소스 파일</Filter>
    </ClCompile>
    <ClCompile Include="2442번(별찍기).cpp">
      <Filter>소스 파일</Filter>
    </ClCompile>
    <ClCompile Include="2460(지능형 기차 2).cpp">
      <Filter>소스 파일</Filter>
    </ClCompile>
    <ClCompile Include="2530(인공지능 시계).cpp">
      <Filter>소스 파일</Filter>
    </ClCompile>
    <ClCompile Include="2576(홀수).cpp">
      <Filter>소스 파일</Filter>
    </ClCompile>
    <ClCompile Include="2577번(0~9나오는 횟구 구하기)(ver.1)(ver_추후_추가_요망).cpp">
      <Filter>소스 파일</Filter>
    </ClCompile>
    <ClCompile Include="2606(바이러스).cpp">
      <Filter>소스 파일</Filter>
    </ClCompile>
    <ClCompile Include="2609(최대공약수와 최소공배수).cpp">
      <Filter>소스 파일</Filter>
    </ClCompile>
    <ClCompile Include="2667(단지번호붙이기).cpp">
      <Filter>소스 파일</Filter>
    </ClCompile>
    <ClCompile Include="2675번(알파벳 반복하여 출력).cpp">
      <Filter>소스 파일</Filter>
    </ClCompile>
    <ClCompile Include="2693(N번째 큰 수).cpp">
      <Filter>소스 파일</Filter>
    </ClCompile>
    <ClCompile Include="2711(오타맨).cpp">
      <Filter>소스 파일</Filter>
    </ClCompile>
    <ClCompile Include="2839(설탕 배달).cpp">
      <Filter>소스 파일</Filter>
    </ClCompile>
    <ClCompile Include="2908번(거꾸로 숫자).cpp">
      <Filter>소스 파일</Filter>
    </ClCompile>
    <ClCompile Include="2935(소음).cpp">
      <Filter>소스 파일</Filter>
    </ClCompile>
    <ClCompile Include="4153(직각삼각형).cpp">
      <Filter>소스 파일</Filter>
    </ClCompile>
    <ClCompile Include="5063(TGN).cpp">
      <Filter>소스 파일</Filter>
    </ClCompile>
    <ClCompile Include="5355(화성 수학).cpp">
      <Filter>소스 파일</Filter>
    </ClCompile>
    <ClCompile Include="5622(다이얼타임).cpp">
      <Filter>소스 파일</Filter>
    </ClCompile>
    <ClCompile Include="5635(생일).cpp">
      <Filter>소스 파일</Filter>
    </ClCompile>
    <ClCompile Include="7644(이중 우선순위 큐).cpp">
      <Filter>소스 파일</Filter>
    </ClCompile>
    <ClCompile Include="9012(괄호).cpp">
      <Filter>소스 파일</Filter>
    </ClCompile>
    <ClCompile Include="10102(개표).cpp">
      <Filter>소스 파일</Filter>
    </ClCompile>
    <ClCompile Include="10156(과자).cpp">
      <Filter>소스 파일</Filter>
    </ClCompile>
    <ClCompile Include="10214(Baseball).cpp">
      <Filter>소스 파일</Filter>
    </ClCompile>
    <ClCompile Include="10773(제로).cpp">
      <Filter>소스 파일</Filter>
    </ClCompile>
    <ClCompile Include="10809번(알파벳 첫 등장 추출).cpp">
      <Filter>소스 파일</Filter>
    </ClCompile>
    <ClCompile Include="10817(세 수).cpp">
      <Filter>소스 파일</Filter>
    </ClCompile>
    <ClCompile Include="10886번(not cute_cute).cpp">
      <Filter>소스 파일</Filter>
    </ClCompile>
    <ClCompile Include="10988(팰린드롬인지 확인하기).cpp">
      <Filter>소스 파일</Filter>
    </ClCompile>
    <ClCompile Include="11047(동전 0).cpp">
      <Filter>소스 파일</Filter>
    </ClCompile>
    <ClCompile Include="11050(이항 계수 1).cpp">
      <Filter>소스 파일</Filter>
    </ClCompile>
    <ClCompile Include="11399(ATM).cpp">
      <Filter>소스 파일</Filter>
    </ClCompile>
    <ClCompile Include="11650(좌표 정렬하기).cpp">
      <Filter>소스 파일</Filter>
    </ClCompile>
    <ClCompile Include="11726(2×n 타일링).cpp">
      <Filter>소스 파일</Filter>
    </ClCompile>
    <ClCompile Include="11866(요세푸스 문제 0).cpp">
      <Filter>소스 파일</Filter>
    </ClCompile>
    <ClCompile Include="13305(주유소).cpp">
      <Filter>소스 파일</Filter>
    </ClCompile>
    <ClCompile Include="14719(빗물).cpp">
      <Filter>소스 파일</Filter>
    </ClCompile>
    <ClCompile Include="15829(Hashing).cpp">
      <Filter>소스 파일</Filter>
    </ClCompile>
    <ClCompile Include="16503(괄호 없는 사칙연산).cpp">
      <Filter>소스 파일</Filter>
    </ClCompile>
    <ClCompile Include="25083(새싹).cpp">
      <Filter>소스 파일</Filter>
    </ClCompile>
  </ItemGroup>
  <ItemGroup>
    <Text Include="1012(유기농 배추).txt">
      <Filter>소스 파일</Filter>
    </Text>
    <Text Include="1152번(단어의 수).txt">
      <Filter>소스 파일</Filter>
    </Text>
    <Text Include="1157번(최대 등장 알파벳 출력).txt">
      <Filter>소스 파일</Filter>
    </Text>
    <Text Include="1292(쉽게 푸는 문제).txt">
      <Filter>소스 파일</Filter>
    </Text>
    <Text Include="1408(24).txt">
      <Filter>소스 파일</Filter>
    </Text>
    <Text Include="1463(1로 만들기).txt">
      <Filter>소스 파일</Filter>
    </Text>
    <Text Include="1676(팩토리얼 0의 개수).txt">
      <Filter>소스 파일</Filter>
    </Text>
    <Text Include="1697(숨바꼭질).txt">
      <Filter>소스 파일</Filter>
    </Text>
    <Text Include="1789(수들의 합).txt">
      <Filter>소스 파일</Filter>
    </Text>
    <Text Include="1913(회의실 배정).txt">
      <Filter>소스 파일</Filter>
    </Text>
    <Text Include="1920(수 찾기).txt">
      <Filter>소스 파일</Filter>
    </Text>
    <Text Include="1934(최소공배수).txt">
      <Filter>소스 파일</Filter>
    </Text>
    <Text Include="1966(프린터 큐).txt">
      <Filter>소스 파일</Filter>
    </Text>
    <Text Include="1978(소수 찾기).txt">
      <Filter>소스 파일</Filter>
    </Text>
    <Text Include="2010(플러그).txt">
      <Filter>소스 파일</Filter>
    </Text>
    <Text Include="2164(카드2).txt">
      <Filter>소스 파일</Filter>
    </Text>
    <Text Include="2442번(별찍기).txt">
      <Filter>소스 파일</Filter>
    </Text>
    <Text Include="2460(지능형 기차 2).txt">
      <Filter>소스 파일</Filter>
    </Text>
    <Text Include="2530(인공지능 시계).txt">
      <Filter>소스 파일</Filter>
    </Text>
    <Text Include="2576(홀수).txt">
      <Filter>소스 파일</Filter>
    </Text>
    <Text Include="2577번(0~9나오는 횟구 구하기(ver.1)(ver_추후_추가_요망).txt">
      <Filter>소스 파일</Filter>
    </Text>
    <Text Include="2606(바이러스).txt">
      <Filter>소스 파일</Filter>
    </Text>
    <Text Include="2609(최대공약수와 최소공배수).txt">
      <Filter>소스 파일</Filter>
    </Text>
    <Text Include="2667(단지번호붙이기).txt">
      <Filter>소스 파일</Filter>
    </Text>
    <Text Include="2675번(알파벳 반복하여 출력).txt">
      <Filter>소스 파일</Filter>
    </Text>
    <Text Include="2693(N번째 큰 수).txt">
      <Filter>소스 파일</Filter>
    </Text>
    <Text Include="2711(오타맨).txt">
      <Filter>소스 파일</Filter>
    </Text>
    <Text Include="2839(설탕 배달).txt">
      <Filter>소스 파일</Filter>
    </Text>
    <Text Include="2908번(거꾸로 숫자).txt">
      <Filter>소스 파일</Filter>
    </Text>
    <Text Include="2935(소음).txt">
      <Filter>소스 파일</Filter>
    </Text>
    <Text Include="4153(직각삼각형).txt">
      <Filter>소스 파일</Filter>
    </Text>
    <Text Include="5063(TGN).txt">
      <Filter>소스 파일</Filter>
    </Text>
    <Text Include="5355(화성 수학).txt">
      <Filter>소스 파일</Filter>
    </Text>
    <Text Include="5622(다이얼타임).txt">
      <Filter>소스 파일</Filter>
    </Text>
    <Text Include="5635(생일).txt">
      <Filter>소스 파일</Filter>
    </Text>
    <Text Include="9012(괄호).txt">
      <Filter>소스 파일</Filter>
    </Text>
    <Text Include="10102(개표).txt">
      <Filter>소스 파일</Filter>
    </Text>
    <Text Include="10156(과자).txt">
      <Filter>소스 파일</Filter>
    </Text>
    <Text Include="10214(Baseball).txt">
      <Filter>소스 파일</Filter>
    </Text>
    <Text Include="10773(제로).txt">
      <Filter>소스 파일</Filter>
    </Text>
    <Text Include="10809번(알파벳 첫 등장 추출).txt">
      <Filter>소스 파일</Filter>
    </Text>
    <Text Include="10817(세 수).txt">
      <Filter>소스 파일</Filter>
    </Text>
    <Text Include="10886번(not cute_cute).txt">
      <Filter>소스 파일</Filter>
    </Text>
    <Text Include="10988(팰린드롬인지 확인하기).txt">
      <Filter>소스 파일</Filter>
    </Text>
    <Text Include="11047(동전 0).txt">
      <Filter>소스 파일</Filter>
    </Text>
    <Text Include="11050(이항 계수 1).txt">
      <Filter>소스 파일</Filter>
    </Text>
    <Text Include="11399(ATM).txt">
      <Filter>소스 파일</Filter>
    </Text>
    <Text Include="11650(좌표 정렬하기).txt">
      <Filter>소스 파일</Filter>
    </Text>
    <Text Include="11726(2×n 타일링).txt">
      <Filter>소스 파일</Filter>
    </Text>
    <Text Include="11866(요세푸스 문제 0).txt">
      <Filter>소스 파일</Filter>
    </Text>
    <Text Include="13305(주유소).txt">
      <Filter>소스 파일</Filter>
    </Text>
    <Text Include="14719(빗물).txt">
      <Filter>소스 파일</Filter>
    </Text>
    <Text Include="15829(Hashing).txt">
      <Filter>소스 파일</Filter>
    </Text>
    <Text Include="16503(괄호 없는 사칙연산).txt">
      <Filter>소스 파일</Filter>
    </Text>
    <Text Include="25083(새싹).txt">
      <Filter>소스 파일</Filter>
    </Text>
  </ItemGroup>
</Project>